// !$*UTF8*$!
{
	archiveVersion = 1;
	classes = {
	};
	objectVersion = 77;
	objects = {

/* Begin PBXBuildFile section */
		00A6C2E2E650126AF3DFA017 /* ZooView.swift in Sources */ = {isa = PBXBuildFile; fileRef = AC62EC8528F10E96FC451DE7 /* ZooView.swift */; };
		014F3DE462A7A473E5CE1426 /* SoundManagerTests.swift in Sources */ = {isa = PBXBuildFile; fileRef = 89CFC1C9E76577DE6F238D05 /* SoundManagerTests.swift */; };
		03BFFA54C601F23A708F4DCC /* PlayerProgress.swift in Sources */ = {isa = PBXBuildFile; fileRef = 0CF160A4039F7FA053E2150F /* PlayerProgress.swift */; };
		065632BE2FDFFBA8160CF504 /* Animal.swift in Sources */ = {isa = PBXBuildFile; fileRef = 22C166C14CEC70717C79C46B /* Animal.swift */; };
		0CEDAE6E890AF3B0CA8418CD /* ModelTests.swift in Sources */ = {isa = PBXBuildFile; fileRef = 64BF5ECC1AD36D73B557215E /* ModelTests.swift */; };
		0DD2E2B5FDE49E23D2759161 /* AnimalCardView.swift in Sources */ = {isa = PBXBuildFile; fileRef = F1F03CC999AB1A1CDA840BEA /* AnimalCardView.swift */; };
		1889D036E7D8BD3993578DA4 /* fart_common_3.wav in Resources */ = {isa = PBXBuildFile; fileRef = 9E9A070FB41BEC66D6E3C847 /* fart_common_3.wav */; };
		31672B8AABBFC1B3FC904131 /* DailyChallenge.swift in Sources */ = {isa = PBXBuildFile; fileRef = CF6417A9591A4EDE3D2C6AE6 /* DailyChallenge.swift */; };
		3448EA7C5DD77E04CA70F76F /* TeleportView.swift in Sources */ = {isa = PBXBuildFile; fileRef = 9CC49D0C849004C991C1080E /* TeleportView.swift */; };
		361C830DD81DFA7F095CCBA5 /* fart_legendary_3.wav in Resources */ = {isa = PBXBuildFile; fileRef = C91611EC41785396BDF4E949 /* fart_legendary_3.wav */; };
		44AA4FA2D332B0FA932DA84E /* fart_rare_3.wav in Resources */ = {isa = PBXBuildFile; fileRef = 3732AD46C8B70650B21E3F8C /* fart_rare_3.wav */; };
		49D34A10459A8BA2F3DE123E /* DailyChallengeViewModel.swift in Sources */ = {isa = PBXBuildFile; fileRef = 486EB7D8695AFC421457BDC6 /* DailyChallengeViewModel.swift */; };
		53E3553A3BD79B78C331AAB5 /* QuestView.swift in Sources */ = {isa = PBXBuildFile; fileRef = E35C9273CE461B61E858ADD0 /* QuestView.swift */; };
		58BED11386DF38B6421B99FF /* fart_extinct_2.wav in Resources */ = {isa = PBXBuildFile; fileRef = 94B720AA2B26944CA730AEA7 /* fart_extinct_2.wav */; };
		5D183F3DA4A47D4903D1EB19 /* Assets.xcassets in Resources */ = {isa = PBXBuildFile; fileRef = 3EB69140C042D36435CFA101 /* Assets.xcassets */; };
		6DAAC064AE527767264461B8 /* QuestTests.swift in Sources */ = {isa = PBXBuildFile; fileRef = 1DEDFBCF87C908314C0FCEF6 /* QuestTests.swift */; };
		6F52379445204592263B8F0F /* fart_legendary_2.wav in Resources */ = {isa = PBXBuildFile; fileRef = 71C400A2DAB385320AF3419F /* fart_legendary_2.wav */; };
		718E63FA36A0889EEE7C7B71 /* QuestViewModelTests.swift in Sources */ = {isa = PBXBuildFile; fileRef = A4C62E5E4EC9903D3E2D9141 /* QuestViewModelTests.swift */; };
		71B164786B6498E86B5905F9 /* README.txt in Resources */ = {isa = PBXBuildFile; fileRef = 17ECE21879E5A1940C724A93 /* README.txt */; };
		722DDDAC44FC74A502251916 /* FartZooApp.swift in Sources */ = {isa = PBXBuildFile; fileRef = EB84E28BA31C87C7CA0C9C10 /* FartZooApp.swift */; };
		74A2ADD9BA9EB79DF039A213 /* fart_legendary_1.wav in Resources */ = {isa = PBXBuildFile; fileRef = 9E38CDFEC150B8BC9EE827DD /* fart_legendary_1.wav */; };
		7AE8E3AA57619386826214F5 /* QuestViewModel.swift in Sources */ = {isa = PBXBuildFile; fileRef = 329F4C92454BAD0075D776E5 /* QuestViewModel.swift */; };
		7BCD3AB6C9BE0BB5914FEA2E /* AnimalDatabaseTests.swift in Sources */ = {isa = PBXBuildFile; fileRef = 6BC839A5E4F2FCE66B963E2C /* AnimalDatabaseTests.swift */; };
		7E95424687A164CE5367D93A /* fart_common_1.wav in Resources */ = {isa = PBXBuildFile; fileRef = 4BFB1ACECB87FA4F4DD64A9C /* fart_common_1.wav */; };
		89F45F39D8AE1EC1596C8BDC /* fart_common_4.wav in Resources */ = {isa = PBXBuildFile; fileRef = 1F27A1AFE4633CC95D399BD0 /* fart_common_4.wav */; };
		91DB4EA6D2E0FBBE4682D44A /* TeleportTests.swift in Sources */ = {isa = PBXBuildFile; fileRef = DA01EDDA1C85472FB60DD58F /* TeleportTests.swift */; };
		96EA0F03C24929F264BF8B52 /* AnimalDatabase.swift in Sources */ = {isa = PBXBuildFile; fileRef = 3D628A23A40A29C710BE9E7E /* AnimalDatabase.swift */; };
		9BF6B2ED2CC1B7C2CE8307DA /* DailyChallengeTests.swift in Sources */ = {isa = PBXBuildFile; fileRef = 97205DB9027A3EC46E52383F /* DailyChallengeTests.swift */; };
		AD6B89F4C94DFAC3C89F2D68 /* FartZooTests.swift in Sources */ = {isa = PBXBuildFile; fileRef = D767CF31F89897AD79C91290 /* FartZooTests.swift */; };
		BA7E7161CDCE5C2E8951807E /* fart_rare_1.wav in Resources */ = {isa = PBXBuildFile; fileRef = 6790810F80EAEB494D41FFEE /* fart_rare_1.wav */; };
		C2E5D7892A517B22134C4AD3 /* fart_rare_2.wav in Resources */ = {isa = PBXBuildFile; fileRef = D4E2D1EC91B89D94063EA57F /* fart_rare_2.wav */; };
		C439B154F599F56074B2DFBE /* FartChefTests.swift in Sources */ = {isa = PBXBuildFile; fileRef = 47D3237DFBA4FB008291014D /* FartChefTests.swift */; };
		C5D894AE91A6F188EC59F0E9 /* PlayerProgressTests.swift in Sources */ = {isa = PBXBuildFile; fileRef = 74615E2E3AB18F77E148662C /* PlayerProgressTests.swift */; };
		CC8E34596F126831E321D476 /* DailyChallengeView.swift in Sources */ = {isa = PBXBuildFile; fileRef = C03BF91F2F7B01D736D383AC /* DailyChallengeView.swift */; };
		D58A41715929DAE01703A1C7 /* fart_extinct_1.wav in Resources */ = {isa = PBXBuildFile; fileRef = 1EA411B651572CC230BCA2B4 /* fart_extinct_1.wav */; };
		DD3BA22CA09BBAA75F7F2520 /* fart_uncommon_1.wav in Resources */ = {isa = PBXBuildFile; fileRef = 55D0853C123C5AF4F018F52E /* fart_uncommon_1.wav */; };
		E749F4AA013BBCE5C9E7D7D8 /* SoundManager.swift in Sources */ = {isa = PBXBuildFile; fileRef = BF4BE04624294AB8610FB3B4 /* SoundManager.swift */; };
		E8FE0C98C09389FC3A79946E /* fart_common_2.wav in Resources */ = {isa = PBXBuildFile; fileRef = F258C9E1A18F245FC01217A0 /* fart_common_2.wav */; };
		E9A00B1A0A763D82091E9087 /* FartChefView.swift in Sources */ = {isa = PBXBuildFile; fileRef = DA90A20105375AAFB5411132 /* FartChefView.swift */; };
		ED0ECB6308C1209752DB75BE /* DailyChallengeViewModelTests.swift in Sources */ = {isa = PBXBuildFile; fileRef = BBA3310AF428C50423A336BD /* DailyChallengeViewModelTests.swift */; };
		F418A3E353F23AE3D360084A /* fart_uncommon_3.wav in Resources */ = {isa = PBXBuildFile; fileRef = 5CE1522D8FFBC84419347256 /* fart_uncommon_3.wav */; };
		F617B667EDF2C2157BE19350 /* TeleportViewModel.swift in Sources */ = {isa = PBXBuildFile; fileRef = 7F69DB2704104677C7779FDB /* TeleportViewModel.swift */; };
		FA8BCC7F30922A852D2CF79F /* HybridCardView.swift in Sources */ = {isa = PBXBuildFile; fileRef = D0279FBD11387086CB0FDE58 /* HybridCardView.swift */; };
		FBEFE02A7DCBFFA9BB86275A /* fart_uncommon_2.wav in Resources */ = {isa = PBXBuildFile; fileRef = A2423B4EB88AD47BBD15C1D4 /* fart_uncommon_2.wav */; };
/* End PBXBuildFile section */

/* Begin PBXContainerItemProxy section */
		1F1C5A7ED241DA6166B35F90 /* PBXContainerItemProxy */ = {
			isa = PBXContainerItemProxy;
			containerPortal = 9A7363F67BB0FECE925C7A09 /* Project object */;
			proxyType = 1;
			remoteGlobalIDString = A13E4F346C1FED22E94F835C;
			remoteInfo = "FartZoo Watch App";
		};
/* End PBXContainerItemProxy section */

/* Begin PBXFileReference section */
		0CF160A4039F7FA053E2150F /* PlayerProgress.swift */ = {isa = PBXFileReference; lastKnownFileType = sourcecode.swift; path = PlayerProgress.swift; sourceTree = "<group>"; };
		17ECE21879E5A1940C724A93 /* README.txt */ = {isa = PBXFileReference; lastKnownFileType = text; path = README.txt; sourceTree = "<group>"; };
		1DEDFBCF87C908314C0FCEF6 /* QuestTests.swift */ = {isa = PBXFileReference; lastKnownFileType = sourcecode.swift; path = QuestTests.swift; sourceTree = "<group>"; };
		1E3B9E2DCBD8BF6BDB908016 /* FartZooTests.xctest */ = {isa = PBXFileReference; explicitFileType = wrapper.cfbundle; includeInIndex = 0; path = FartZooTests.xctest; sourceTree = BUILT_PRODUCTS_DIR; };
		1EA411B651572CC230BCA2B4 /* fart_extinct_1.wav */ = {isa = PBXFileReference; lastKnownFileType = audio.wav; path = fart_extinct_1.wav; sourceTree = "<group>"; };
		1F27A1AFE4633CC95D399BD0 /* fart_common_4.wav */ = {isa = PBXFileReference; lastKnownFileType = audio.wav; path = fart_common_4.wav; sourceTree = "<group>"; };
		22C166C14CEC70717C79C46B /* Animal.swift */ = {isa = PBXFileReference; lastKnownFileType = sourcecode.swift; path = Animal.swift; sourceTree = "<group>"; };
		329F4C92454BAD0075D776E5 /* QuestViewModel.swift */ = {isa = PBXFileReference; lastKnownFileType = sourcecode.swift; path = QuestViewModel.swift; sourceTree = "<group>"; };
		3732AD46C8B70650B21E3F8C /* fart_rare_3.wav */ = {isa = PBXFileReference; lastKnownFileType = audio.wav; path = fart_rare_3.wav; sourceTree = "<group>"; };
		3D628A23A40A29C710BE9E7E /* AnimalDatabase.swift */ = {isa = PBXFileReference; lastKnownFileType = sourcecode.swift; path = AnimalDatabase.swift; sourceTree = "<group>"; };
		3EB69140C042D36435CFA101 /* Assets.xcassets */ = {isa = PBXFileReference; lastKnownFileType = folder.assetcatalog; path = Assets.xcassets; sourceTree = "<group>"; };
		47D3237DFBA4FB008291014D /* FartChefTests.swift */ = {isa = PBXFileReference; lastKnownFileType = sourcecode.swift; path = FartChefTests.swift; sourceTree = "<group>"; };
		486EB7D8695AFC421457BDC6 /* DailyChallengeViewModel.swift */ = {isa = PBXFileReference; lastKnownFileType = sourcecode.swift; path = DailyChallengeViewModel.swift; sourceTree = "<group>"; };
		4BFB1ACECB87FA4F4DD64A9C /* fart_common_1.wav */ = {isa = PBXFileReference; lastKnownFileType = audio.wav; path = fart_common_1.wav; sourceTree = "<group>"; };
		55D0853C123C5AF4F018F52E /* fart_uncommon_1.wav */ = {isa = PBXFileReference; lastKnownFileType = audio.wav; path = fart_uncommon_1.wav; sourceTree = "<group>"; };
		5CE1522D8FFBC84419347256 /* fart_uncommon_3.wav */ = {isa = PBXFileReference; lastKnownFileType = audio.wav; path = fart_uncommon_3.wav; sourceTree = "<group>"; };
		64BF5ECC1AD36D73B557215E /* ModelTests.swift */ = {isa = PBXFileReference; lastKnownFileType = sourcecode.swift; path = ModelTests.swift; sourceTree = "<group>"; };
		6790810F80EAEB494D41FFEE /* fart_rare_1.wav */ = {isa = PBXFileReference; lastKnownFileType = audio.wav; path = fart_rare_1.wav; sourceTree = "<group>"; };
		6BC839A5E4F2FCE66B963E2C /* AnimalDatabaseTests.swift */ = {isa = PBXFileReference; lastKnownFileType = sourcecode.swift; path = AnimalDatabaseTests.swift; sourceTree = "<group>"; };
		71C400A2DAB385320AF3419F /* fart_legendary_2.wav */ = {isa = PBXFileReference; lastKnownFileType = audio.wav; path = fart_legendary_2.wav; sourceTree = "<group>"; };
		74615E2E3AB18F77E148662C /* PlayerProgressTests.swift */ = {isa = PBXFileReference; lastKnownFileType = sourcecode.swift; path = PlayerProgressTests.swift; sourceTree = "<group>"; };
		7F69DB2704104677C7779FDB /* TeleportViewModel.swift */ = {isa = PBXFileReference; lastKnownFileType = sourcecode.swift; path = TeleportViewModel.swift; sourceTree = "<group>"; };
		89CFC1C9E76577DE6F238D05 /* SoundManagerTests.swift */ = {isa = PBXFileReference; lastKnownFileType = sourcecode.swift; path = SoundManagerTests.swift; sourceTree = "<group>"; };
		94B720AA2B26944CA730AEA7 /* fart_extinct_2.wav */ = {isa = PBXFileReference; lastKnownFileType = audio.wav; path = fart_extinct_2.wav; sourceTree = "<group>"; };
		97205DB9027A3EC46E52383F /* DailyChallengeTests.swift */ = {isa = PBXFileReference; lastKnownFileType = sourcecode.swift; path = DailyChallengeTests.swift; sourceTree = "<group>"; };
		9CC49D0C849004C991C1080E /* TeleportView.swift */ = {isa = PBXFileReference; lastKnownFileType = sourcecode.swift; path = TeleportView.swift; sourceTree = "<group>"; };
		9E38CDFEC150B8BC9EE827DD /* fart_legendary_1.wav */ = {isa = PBXFileReference; lastKnownFileType = audio.wav; path = fart_legendary_1.wav; sourceTree = "<group>"; };
		9E9A070FB41BEC66D6E3C847 /* fart_common_3.wav */ = {isa = PBXFileReference; lastKnownFileType = audio.wav; path = fart_common_3.wav; sourceTree = "<group>"; };
		A2423B4EB88AD47BBD15C1D4 /* fart_uncommon_2.wav */ = {isa = PBXFileReference; lastKnownFileType = audio.wav; path = fart_uncommon_2.wav; sourceTree = "<group>"; };
		A4C62E5E4EC9903D3E2D9141 /* QuestViewModelTests.swift */ = {isa = PBXFileReference; lastKnownFileType = sourcecode.swift; path = QuestViewModelTests.swift; sourceTree = "<group>"; };
		AC62EC8528F10E96FC451DE7 /* ZooView.swift */ = {isa = PBXFileReference; lastKnownFileType = sourcecode.swift; path = ZooView.swift; sourceTree = "<group>"; };
		BBA3310AF428C50423A336BD /* DailyChallengeViewModelTests.swift */ = {isa = PBXFileReference; lastKnownFileType = sourcecode.swift; path = DailyChallengeViewModelTests.swift; sourceTree = "<group>"; };
		BF4BE04624294AB8610FB3B4 /* SoundManager.swift */ = {isa = PBXFileReference; lastKnownFileType = sourcecode.swift; path = SoundManager.swift; sourceTree = "<group>"; };
		C03BF91F2F7B01D736D383AC /* DailyChallengeView.swift */ = {isa = PBXFileReference; lastKnownFileType = sourcecode.swift; path = DailyChallengeView.swift; sourceTree = "<group>"; };
		C91611EC41785396BDF4E949 /* fart_legendary_3.wav */ = {isa = PBXFileReference; lastKnownFileType = audio.wav; path = fart_legendary_3.wav; sourceTree = "<group>"; };
		CF6417A9591A4EDE3D2C6AE6 /* DailyChallenge.swift */ = {isa = PBXFileReference; lastKnownFileType = sourcecode.swift; path = DailyChallenge.swift; sourceTree = "<group>"; };
		D0279FBD11387086CB0FDE58 /* HybridCardView.swift */ = {isa = PBXFileReference; lastKnownFileType = sourcecode.swift; path = HybridCardView.swift; sourceTree = "<group>"; };
		D4E2D1EC91B89D94063EA57F /* fart_rare_2.wav */ = {isa = PBXFileReference; lastKnownFileType = audio.wav; path = fart_rare_2.wav; sourceTree = "<group>"; };
		D767CF31F89897AD79C91290 /* FartZooTests.swift */ = {isa = PBXFileReference; lastKnownFileType = sourcecode.swift; path = FartZooTests.swift; sourceTree = "<group>"; };
		DA01EDDA1C85472FB60DD58F /* TeleportTests.swift */ = {isa = PBXFileReference; lastKnownFileType = sourcecode.swift; path = TeleportTests.swift; sourceTree = "<group>"; };
		DA90A20105375AAFB5411132 /* FartChefView.swift */ = {isa = PBXFileReference; lastKnownFileType = sourcecode.swift; path = FartChefView.swift; sourceTree = "<group>"; };
		E35C9273CE461B61E858ADD0 /* QuestView.swift */ = {isa = PBXFileReference; lastKnownFileType = sourcecode.swift; path = QuestView.swift; sourceTree = "<group>"; };
		EB84E28BA31C87C7CA0C9C10 /* FartZooApp.swift */ = {isa = PBXFileReference; lastKnownFileType = sourcecode.swift; path = FartZooApp.swift; sourceTree = "<group>"; };
		F1F03CC999AB1A1CDA840BEA /* AnimalCardView.swift */ = {isa = PBXFileReference; lastKnownFileType = sourcecode.swift; path = AnimalCardView.swift; sourceTree = "<group>"; };
		F258C9E1A18F245FC01217A0 /* fart_common_2.wav */ = {isa = PBXFileReference; lastKnownFileType = audio.wav; path = fart_common_2.wav; sourceTree = "<group>"; };
		F4E6B1F85D1A479B8E9C15D5 /* FartZoo Watch App.app */ = {isa = PBXFileReference; explicitFileType = wrapper.application; includeInIndex = 0; path = "FartZoo Watch App.app"; sourceTree = BUILT_PRODUCTS_DIR; };
/* End PBXFileReference section */

/* Begin PBXGroup section */
		037913D71D9125806478EB83 /* Products */ = {
			isa = PBXGroup;
			children = (
				F4E6B1F85D1A479B8E9C15D5 /* FartZoo Watch App.app */,
				1E3B9E2DCBD8BF6BDB908016 /* FartZooTests.xctest */,
			);
			name = Products;
			sourceTree = "<group>";
		};
		1E50AA95A0943B445CEC9494 = {
			isa = PBXGroup;
			children = (
				CB787DB0FD9B7D99392201DC /* FartZoo Watch App */,
				655041BBDB262E1F764DF106 /* FartZooTests */,
				037913D71D9125806478EB83 /* Products */,
			);
			sourceTree = "<group>";
		};
		465A0A6C12DB6C01514E73C3 /* Models */ = {
			isa = PBXGroup;
			children = (
				22C166C14CEC70717C79C46B /* Animal.swift */,
				CF6417A9591A4EDE3D2C6AE6 /* DailyChallenge.swift */,
				0CF160A4039F7FA053E2150F /* PlayerProgress.swift */,
			);
			path = Models;
			sourceTree = "<group>";
		};
		655041BBDB262E1F764DF106 /* FartZooTests */ = {
			isa = PBXGroup;
			children = (
				6BC839A5E4F2FCE66B963E2C /* AnimalDatabaseTests.swift */,
				97205DB9027A3EC46E52383F /* DailyChallengeTests.swift */,
				BBA3310AF428C50423A336BD /* DailyChallengeViewModelTests.swift */,
				47D3237DFBA4FB008291014D /* FartChefTests.swift */,
				D767CF31F89897AD79C91290 /* FartZooTests.swift */,
				64BF5ECC1AD36D73B557215E /* ModelTests.swift */,
				74615E2E3AB18F77E148662C /* PlayerProgressTests.swift */,
				1DEDFBCF87C908314C0FCEF6 /* QuestTests.swift */,
				A4C62E5E4EC9903D3E2D9141 /* QuestViewModelTests.swift */,
				89CFC1C9E76577DE6F238D05 /* SoundManagerTests.swift */,
				DA01EDDA1C85472FB60DD58F /* TeleportTests.swift */,
			);
			path = FartZooTests;
			sourceTree = "<group>";
		};
		70530963C64FDC4BF61BEA4A /* Resources */ = {
			isa = PBXGroup;
			children = (
				D56A96A4FE34042F3D0BEF1B /* Sounds */,
			);
			path = Resources;
			sourceTree = "<group>";
		};
		944551323950CF5AA464504F /* Data */ = {
			isa = PBXGroup;
			children = (
				3D628A23A40A29C710BE9E7E /* AnimalDatabase.swift */,
			);
			path = Data;
			sourceTree = "<group>";
		};
		BBC47EB5897F820A6D50F4D5 /* Views */ = {
			isa = PBXGroup;
			children = (
				F1F03CC999AB1A1CDA840BEA /* AnimalCardView.swift */,
				C03BF91F2F7B01D736D383AC /* DailyChallengeView.swift */,
				DA90A20105375AAFB5411132 /* FartChefView.swift */,
				D0279FBD11387086CB0FDE58 /* HybridCardView.swift */,
				E35C9273CE461B61E858ADD0 /* QuestView.swift */,
				9CC49D0C849004C991C1080E /* TeleportView.swift */,
				AC62EC8528F10E96FC451DE7 /* ZooView.swift */,
			);
			path = Views;
			sourceTree = "<group>";
		};
		CB787DB0FD9B7D99392201DC /* FartZoo Watch App */ = {
			isa = PBXGroup;
			children = (
				3EB69140C042D36435CFA101 /* Assets.xcassets */,
				EB84E28BA31C87C7CA0C9C10 /* FartZooApp.swift */,
				944551323950CF5AA464504F /* Data */,
				465A0A6C12DB6C01514E73C3 /* Models */,
				70530963C64FDC4BF61BEA4A /* Resources */,
				DA4DBA44FBDA8A542C0D34EA /* Services */,
				E6A05A165407E77A0102FE35 /* ViewModels */,
				BBC47EB5897F820A6D50F4D5 /* Views */,
			);
			path = "FartZoo Watch App";
			sourceTree = "<group>";
		};
		D56A96A4FE34042F3D0BEF1B /* Sounds */ = {
			isa = PBXGroup;
			children = (
				4BFB1ACECB87FA4F4DD64A9C /* fart_common_1.wav */,
				F258C9E1A18F245FC01217A0 /* fart_common_2.wav */,
				9E9A070FB41BEC66D6E3C847 /* fart_common_3.wav */,
				1F27A1AFE4633CC95D399BD0 /* fart_common_4.wav */,
				1EA411B651572CC230BCA2B4 /* fart_extinct_1.wav */,
				94B720AA2B26944CA730AEA7 /* fart_extinct_2.wav */,
				9E38CDFEC150B8BC9EE827DD /* fart_legendary_1.wav */,
				71C400A2DAB385320AF3419F /* fart_legendary_2.wav */,
				C91611EC41785396BDF4E949 /* fart_legendary_3.wav */,
				6790810F80EAEB494D41FFEE /* fart_rare_1.wav */,
				D4E2D1EC91B89D94063EA57F /* fart_rare_2.wav */,
				3732AD46C8B70650B21E3F8C /* fart_rare_3.wav */,
				55D0853C123C5AF4F018F52E /* fart_uncommon_1.wav */,
				A2423B4EB88AD47BBD15C1D4 /* fart_uncommon_2.wav */,
				5CE1522D8FFBC84419347256 /* fart_uncommon_3.wav */,
				17ECE21879E5A1940C724A93 /* README.txt */,
			);
			path = Sounds;
			sourceTree = "<group>";
		};
		DA4DBA44FBDA8A542C0D34EA /* Services */ = {
			isa = PBXGroup;
			children = (
				BF4BE04624294AB8610FB3B4 /* SoundManager.swift */,
			);
			path = Services;
			sourceTree = "<group>";
		};
		E6A05A165407E77A0102FE35 /* ViewModels */ = {
			isa = PBXGroup;
			children = (
				486EB7D8695AFC421457BDC6 /* DailyChallengeViewModel.swift */,
				329F4C92454BAD0075D776E5 /* QuestViewModel.swift */,
				7F69DB2704104677C7779FDB /* TeleportViewModel.swift */,
			);
			path = ViewModels;
			sourceTree = "<group>";
		};
/* End PBXGroup section */

/* Begin PBXNativeTarget section */
		A13E4F346C1FED22E94F835C /* FartZoo Watch App */ = {
			isa = PBXNativeTarget;
			buildConfigurationList = 91FF1BC6E32DEB157A719565 /* Build configuration list for PBXNativeTarget "FartZoo Watch App" */;
			buildPhases = (
				6225DC98B898E61F5670FF4E /* Sources */,
				72D1BDF62E2FB9DBDAB2DB31 /* Resources */,
			);
			buildRules = (
			);
			dependencies = (
			);
			name = "FartZoo Watch App";
			packageProductDependencies = (
			);
			productName = "FartZoo Watch App";
			productReference = F4E6B1F85D1A479B8E9C15D5 /* FartZoo Watch App.app */;
			productType = "com.apple.product-type.application";
		};
		F8C844763F3C832CDCABA3A2 /* FartZooTests */ = {
			isa = PBXNativeTarget;
			buildConfigurationList = 69D90D91D203999506653596 /* Build configuration list for PBXNativeTarget "FartZooTests" */;
			buildPhases = (
				FB82F3AE66D7A94395420174 /* Sources */,
			);
			buildRules = (
			);
			dependencies = (
				4718BF3268F2933EA49AC8E5 /* PBXTargetDependency */,
			);
			name = FartZooTests;
			packageProductDependencies = (
			);
			productName = FartZooTests;
			productReference = 1E3B9E2DCBD8BF6BDB908016 /* FartZooTests.xctest */;
			productType = "com.apple.product-type.bundle.unit-test";
		};
/* End PBXNativeTarget section */

/* Begin PBXProject section */
		9A7363F67BB0FECE925C7A09 /* Project object */ = {
			isa = PBXProject;
			attributes = {
				BuildIndependentTargetsInParallel = YES;
				LastUpgradeCheck = 1430;
				TargetAttributes = {
				};
			};
			buildConfigurationList = 169059B5F10FCF077A45639E /* Build configuration list for PBXProject "FartZoo" */;
			developmentRegion = en;
			hasScannedForEncodings = 0;
			knownRegions = (
				Base,
				en,
			);
			mainGroup = 1E50AA95A0943B445CEC9494;
			minimizedProjectReferenceProxies = 1;
			preferredProjectObjectVersion = 77;
			productRefGroup = 037913D71D9125806478EB83 /* Products */;
			projectDirPath = "";
			projectRoot = "";
			targets = (
				A13E4F346C1FED22E94F835C /* FartZoo Watch App */,
				F8C844763F3C832CDCABA3A2 /* FartZooTests */,
			);
		};
/* End PBXProject section */

/* Begin PBXResourcesBuildPhase section */
		72D1BDF62E2FB9DBDAB2DB31 /* Resources */ = {
			isa = PBXResourcesBuildPhase;
			buildActionMask = 2147483647;
			files = (
				5D183F3DA4A47D4903D1EB19 /* Assets.xcassets in Resources */,
				71B164786B6498E86B5905F9 /* README.txt in Resources */,
				7E95424687A164CE5367D93A /* fart_common_1.wav in Resources */,
				E8FE0C98C09389FC3A79946E /* fart_common_2.wav in Resources */,
				1889D036E7D8BD3993578DA4 /* fart_common_3.wav in Resources */,
				89F45F39D8AE1EC1596C8BDC /* fart_common_4.wav in Resources */,
				D58A41715929DAE01703A1C7 /* fart_extinct_1.wav in Resources */,
				58BED11386DF38B6421B99FF /* fart_extinct_2.wav in Resources */,
				74A2ADD9BA9EB79DF039A213 /* fart_legendary_1.wav in Resources */,
				6F52379445204592263B8F0F /* fart_legendary_2.wav in Resources */,
				361C830DD81DFA7F095CCBA5 /* fart_legendary_3.wav in Resources */,
				BA7E7161CDCE5C2E8951807E /* fart_rare_1.wav in Resources */,
				C2E5D7892A517B22134C4AD3 /* fart_rare_2.wav in Resources */,
				44AA4FA2D332B0FA932DA84E /* fart_rare_3.wav in Resources */,
				DD3BA22CA09BBAA75F7F2520 /* fart_uncommon_1.wav in Resources */,
				FBEFE02A7DCBFFA9BB86275A /* fart_uncommon_2.wav in Resources */,
				F418A3E353F23AE3D360084A /* fart_uncommon_3.wav in Resources */,
			);
			runOnlyForDeploymentPostprocessing = 0;
		};
/* End PBXResourcesBuildPhase section */

/* Begin PBXSourcesBuildPhase section */
		6225DC98B898E61F5670FF4E /* Sources */ = {
			isa = PBXSourcesBuildPhase;
			buildActionMask = 2147483647;
			files = (
				065632BE2FDFFBA8160CF504 /* Animal.swift in Sources */,
				0DD2E2B5FDE49E23D2759161 /* AnimalCardView.swift in Sources */,
				96EA0F03C24929F264BF8B52 /* AnimalDatabase.swift in Sources */,
				31672B8AABBFC1B3FC904131 /* DailyChallenge.swift in Sources */,
				CC8E34596F126831E321D476 /* DailyChallengeView.swift in Sources */,
				49D34A10459A8BA2F3DE123E /* DailyChallengeViewModel.swift in Sources */,
				E9A00B1A0A763D82091E9087 /* FartChefView.swift in Sources */,
				722DDDAC44FC74A502251916 /* FartZooApp.swift in Sources */,
				FA8BCC7F30922A852D2CF79F /* HybridCardView.swift in Sources */,
				03BFFA54C601F23A708F4DCC /* PlayerProgress.swift in Sources */,
				53E3553A3BD79B78C331AAB5 /* QuestView.swift in Sources */,
				7AE8E3AA57619386826214F5 /* QuestViewModel.swift in Sources */,
				E749F4AA013BBCE5C9E7D7D8 /* SoundManager.swift in Sources */,
				3448EA7C5DD77E04CA70F76F /* TeleportView.swift in Sources */,
				F617B667EDF2C2157BE19350 /* TeleportViewModel.swift in Sources */,
				00A6C2E2E650126AF3DFA017 /* ZooView.swift in Sources */,
			);
			runOnlyForDeploymentPostprocessing = 0;
		};
		FB82F3AE66D7A94395420174 /* Sources */ = {
			isa = PBXSourcesBuildPhase;
			buildActionMask = 2147483647;
			files = (
				7BCD3AB6C9BE0BB5914FEA2E /* AnimalDatabaseTests.swift in Sources */,
				9BF6B2ED2CC1B7C2CE8307DA /* DailyChallengeTests.swift in Sources */,
				ED0ECB6308C1209752DB75BE /* DailyChallengeViewModelTests.swift in Sources */,
				C439B154F599F56074B2DFBE /* FartChefTests.swift in Sources */,
				AD6B89F4C94DFAC3C89F2D68 /* FartZooTests.swift in Sources */,
				0CEDAE6E890AF3B0CA8418CD /* ModelTests.swift in Sources */,
				C5D894AE91A6F188EC59F0E9 /* PlayerProgressTests.swift in Sources */,
				6DAAC064AE527767264461B8 /* QuestTests.swift in Sources */,
				718E63FA36A0889EEE7C7B71 /* QuestViewModelTests.swift in Sources */,
				014F3DE462A7A473E5CE1426 /* SoundManagerTests.swift in Sources */,
				91DB4EA6D2E0FBBE4682D44A /* TeleportTests.swift in Sources */,
			);
			runOnlyForDeploymentPostprocessing = 0;
		};
/* End PBXSourcesBuildPhase section */

/* Begin PBXTargetDependency section */
		4718BF3268F2933EA49AC8E5 /* PBXTargetDependency */ = {
			isa = PBXTargetDependency;
			target = A13E4F346C1FED22E94F835C /* FartZoo Watch App */;
			targetProxy = 1F1C5A7ED241DA6166B35F90 /* PBXContainerItemProxy */;
		};
/* End PBXTargetDependency section */

/* Begin XCBuildConfiguration section */
		09EF8C51F1DF323AA1636793 /* Release */ = {
			isa = XCBuildConfiguration;
			buildSettings = {
				ALWAYS_SEARCH_USER_PATHS = NO;
				CLANG_ANALYZER_NONNULL = YES;
				CLANG_ANALYZER_NUMBER_OBJECT_CONVERSION = YES_AGGRESSIVE;
				CLANG_CXX_LANGUAGE_STANDARD = "gnu++14";
				CLANG_CXX_LIBRARY = "libc++";
				CLANG_ENABLE_MODULES = YES;
				CLANG_ENABLE_OBJC_ARC = YES;
				CLANG_ENABLE_OBJC_WEAK = YES;
				CLANG_WARN_BLOCK_CAPTURE_AUTORELEASING = YES;
				CLANG_WARN_BOOL_CONVERSION = YES;
				CLANG_WARN_COMMA = YES;
				CLANG_WARN_CONSTANT_CONVERSION = YES;
				CLANG_WARN_DEPRECATED_OBJC_IMPLEMENTATIONS = YES;
				CLANG_WARN_DIRECT_OBJC_ISA_USAGE = YES_ERROR;
				CLANG_WARN_DOCUMENTATION_COMMENTS = YES;
				CLANG_WARN_EMPTY_BODY = YES;
				CLANG_WARN_ENUM_CONVERSION = YES;
				CLANG_WARN_INFINITE_RECURSION = YES;
				CLANG_WARN_INT_CONVERSION = YES;
				CLANG_WARN_NON_LITERAL_NULL_CONVERSION = YES;
				CLANG_WARN_OBJC_IMPLICIT_RETAIN_SELF = YES;
				CLANG_WARN_OBJC_LITERAL_CONVERSION = YES;
				CLANG_WARN_OBJC_ROOT_CLASS = YES_ERROR;
				CLANG_WARN_QUOTED_INCLUDE_IN_FRAMEWORK_HEADER = YES;
				CLANG_WARN_RANGE_LOOP_ANALYSIS = YES;
				CLANG_WARN_STRICT_PROTOTYPES = YES;
				CLANG_WARN_SUSPICIOUS_MOVE = YES;
				CLANG_WARN_UNGUARDED_AVAILABILITY = YES_AGGRESSIVE;
				CLANG_WARN_UNREACHABLE_CODE = YES;
				CLANG_WARN__DUPLICATE_METHOD_MATCH = YES;
				COPY_PHASE_STRIP = NO;
				DEBUG_INFORMATION_FORMAT = "dwarf-with-dsym";
				ENABLE_NS_ASSERTIONS = NO;
				ENABLE_STRICT_OBJC_MSGSEND = YES;
				GCC_C_LANGUAGE_STANDARD = gnu11;
				GCC_NO_COMMON_BLOCKS = YES;
				GCC_WARN_64_TO_32_BIT_CONVERSION = YES;
				GCC_WARN_ABOUT_RETURN_TYPE = YES_ERROR;
				GCC_WARN_UNDECLARED_SELECTOR = YES;
				GCC_WARN_UNINITIALIZED_AUTOS = YES_AGGRESSIVE;
				GCC_WARN_UNUSED_FUNCTION = YES;
				GCC_WARN_UNUSED_VARIABLE = YES;
				MTL_ENABLE_DEBUG_INFO = NO;
				MTL_FAST_MATH = YES;
				PRODUCT_NAME = "$(TARGET_NAME)";
				SDKROOT = watchos;
				SWIFT_COMPILATION_MODE = wholemodule;
				SWIFT_OPTIMIZATION_LEVEL = "-O";
				SWIFT_VERSION = 5.0;
				WATCHOS_DEPLOYMENT_TARGET = 10.0;
			};
			name = Release;
		};
		24D4BC1B72DB3E8ED349D71A /* Debug */ = {
			isa = XCBuildConfiguration;
			buildSettings = {
				ASSETCATALOG_COMPILER_APPICON_NAME = AppIcon;
				GENERATE_INFOPLIST_FILE = YES;
				INFOPLIST_KEY_CFBundleDisplayName = "Fart Zoo";
				INFOPLIST_KEY_UISupportedInterfaceOrientations = "";
				INFOPLIST_KEY_WKWatchOnly = YES;
				PRODUCT_BUNDLE_IDENTIFIER = com.fartzoo.watchkitapp;
				SDKROOT = watchos;
				SKIP_INSTALL = YES;
				SWIFT_VERSION = 5.9;
				TARGETED_DEVICE_FAMILY = 4;
				WATCHOS_DEPLOYMENT_TARGET = 10.0;
			};
			name = Debug;
		};
		500AE0A7867CCF0183700C26 /* Debug */ = {
			isa = XCBuildConfiguration;
			buildSettings = {
				ALWAYS_SEARCH_USER_PATHS = NO;
				CLANG_ANALYZER_NONNULL = YES;
				CLANG_ANALYZER_NUMBER_OBJECT_CONVERSION = YES_AGGRESSIVE;
				CLANG_CXX_LANGUAGE_STANDARD = "gnu++14";
				CLANG_CXX_LIBRARY = "libc++";
				CLANG_ENABLE_MODULES = YES;
				CLANG_ENABLE_OBJC_ARC = YES;
				CLANG_ENABLE_OBJC_WEAK = YES;
				CLANG_WARN_BLOCK_CAPTURE_AUTORELEASING = YES;
				CLANG_WARN_BOOL_CONVERSION = YES;
				CLANG_WARN_COMMA = YES;
				CLANG_WARN_CONSTANT_CONVERSION = YES;
				CLANG_WARN_DEPRECATED_OBJC_IMPLEMENTATIONS = YES;
				CLANG_WARN_DIRECT_OBJC_ISA_USAGE = YES_ERROR;
				CLANG_WARN_DOCUMENTATION_COMMENTS = YES;
				CLANG_WARN_EMPTY_BODY = YES;
				CLANG_WARN_ENUM_CONVERSION = YES;
				CLANG_WARN_INFINITE_RECURSION = YES;
				CLANG_WARN_INT_CONVERSION = YES;
				CLANG_WARN_NON_LITERAL_NULL_CONVERSION = YES;
				CLANG_WARN_OBJC_IMPLICIT_RETAIN_SELF = YES;
				CLANG_WARN_OBJC_LITERAL_CONVERSION = YES;
				CLANG_WARN_OBJC_ROOT_CLASS = YES_ERROR;
				CLANG_WARN_QUOTED_INCLUDE_IN_FRAMEWORK_HEADER = YES;
				CLANG_WARN_RANGE_LOOP_ANALYSIS = YES;
				CLANG_WARN_STRICT_PROTOTYPES = YES;
				CLANG_WARN_SUSPICIOUS_MOVE = YES;
				CLANG_WARN_UNGUARDED_AVAILABILITY = YES_AGGRESSIVE;
				CLANG_WARN_UNREACHABLE_CODE = YES;
				CLANG_WARN__DUPLICATE_METHOD_MATCH = YES;
				COPY_PHASE_STRIP = NO;
				DEBUG_INFORMATION_FORMAT = dwarf;
				ENABLE_STRICT_OBJC_MSGSEND = YES;
				ENABLE_TESTABILITY = YES;
				GCC_C_LANGUAGE_STANDARD = gnu11;
				GCC_DYNAMIC_NO_PIC = NO;
				GCC_NO_COMMON_BLOCKS = YES;
				GCC_OPTIMIZATION_LEVEL = 0;
				GCC_PREPROCESSOR_DEFINITIONS = (
					"$(inherited)",
					"DEBUG=1",
				);
				GCC_WARN_64_TO_32_BIT_CONVERSION = YES;
				GCC_WARN_ABOUT_RETURN_TYPE = YES_ERROR;
				GCC_WARN_UNDECLARED_SELECTOR = YES;
				GCC_WARN_UNINITIALIZED_AUTOS = YES_AGGRESSIVE;
				GCC_WARN_UNUSED_FUNCTION = YES;
				GCC_WARN_UNUSED_VARIABLE = YES;
				MTL_ENABLE_DEBUG_INFO = INCLUDE_SOURCE;
				MTL_FAST_MATH = YES;
				ONLY_ACTIVE_ARCH = YES;
				PRODUCT_NAME = "$(TARGET_NAME)";
				SDKROOT = watchos;
				SWIFT_ACTIVE_COMPILATION_CONDITIONS = DEBUG;
				SWIFT_OPTIMIZATION_LEVEL = "-Onone";
				SWIFT_VERSION = 5.0;
				WATCHOS_DEPLOYMENT_TARGET = 10.0;
			};
			name = Debug;
		};
		6EEF986D3D5296044F3FEA78 /* Debug */ = {
			isa = XCBuildConfiguration;
			buildSettings = {
				BUNDLE_LOADER = "$(TEST_HOST)";
				GENERATE_INFOPLIST_FILE = YES;
				LD_RUNPATH_SEARCH_PATHS = (
					"$(inherited)",
					"@executable_path/Frameworks",
					"@loader_path/Frameworks",
				);
				PRODUCT_BUNDLE_IDENTIFIER = com.fartzoo.tests;
				SDKROOT = watchos;
				SKIP_INSTALL = YES;
				SWIFT_VERSION = 5.9;
				TARGETED_DEVICE_FAMILY = 4;
				TEST_HOST = "$(BUILT_PRODUCTS_DIR)/FartZoo Watch App.app/FartZoo Watch App";
				WATCHOS_DEPLOYMENT_TARGET = 10.0;
			};
			name = Debug;
		};
		B15BB2D8FBBA8ED3CCD78D0B /* Release */ = {
			isa = XCBuildConfiguration;
			buildSettings = {
				ASSETCATALOG_COMPILER_APPICON_NAME = AppIcon;
				GENERATE_INFOPLIST_FILE = YES;
				INFOPLIST_KEY_CFBundleDisplayName = "Fart Zoo";
				INFOPLIST_KEY_UISupportedInterfaceOrientations = "";
				INFOPLIST_KEY_WKWatchOnly = YES;
				PRODUCT_BUNDLE_IDENTIFIER = com.fartzoo.watchkitapp;
				SDKROOT = watchos;
				SKIP_INSTALL = YES;
				SWIFT_VERSION = 5.9;
				TARGETED_DEVICE_FAMILY = 4;
				WATCHOS_DEPLOYMENT_TARGET = 10.0;
			};
			name = Release;
		};
		D0E7266785EAEA603BBE1747 /* Release */ = {
			isa = XCBuildConfiguration;
			buildSettings = {
				BUNDLE_LOADER = "$(TEST_HOST)";
				GENERATE_INFOPLIST_FILE = YES;
				LD_RUNPATH_SEARCH_PATHS = (
					"$(inherited)",
					"@executable_path/Frameworks",
					"@loader_path/Frameworks",
				);
				PRODUCT_BUNDLE_IDENTIFIER = com.fartzoo.tests;
				SDKROOT = watchos;
				SKIP_INSTALL = YES;
				SWIFT_VERSION = 5.9;
				TARGETED_DEVICE_FAMILY = 4;
				TEST_HOST = "$(BUILT_PRODUCTS_DIR)/FartZoo Watch App.app/FartZoo Watch App";
				WATCHOS_DEPLOYMENT_TARGET = 10.0;
			};
			name = Release;
		};
/* End XCBuildConfiguration section */

/* Begin XCConfigurationList section */
		169059B5F10FCF077A45639E /* Build configuration list for PBXProject "FartZoo" */ = {
			isa = XCConfigurationList;
			buildConfigurations = (
				500AE0A7867CCF0183700C26 /* Debug */,
				09EF8C51F1DF323AA1636793 /* Release */,
			);
			defaultConfigurationIsVisible = 0;
			defaultConfigurationName = Debug;
		};
		69D90D91D203999506653596 /* Build configuration list for PBXNativeTarget "FartZooTests" */ = {
			isa = XCConfigurationList;
			buildConfigurations = (
				6EEF986D3D5296044F3FEA78 /* Debug */,
				D0E7266785EAEA603BBE1747 /* Release */,
			);
			defaultConfigurationIsVisible = 0;
			defaultConfigurationName = Debug;
		};
		91FF1BC6E32DEB157A719565 /* Build configuration list for PBXNativeTarget "FartZoo Watch App" */ = {
			isa = XCConfigurationList;
			buildConfigurations = (
				24D4BC1B72DB3E8ED349D71A /* Debug */,
				B15BB2D8FBBA8ED3CCD78D0B /* Release */,
			);
			defaultConfigurationIsVisible = 0;
			defaultConfigurationName = Debug;
		};
/* End XCConfigurationList section */
	};
	rootObject = 9A7363F67BB0FECE925C7A09 /* Project object */;
}
